{
  "name": "twzrd-preflight",
  "version": "0.1.6",
  "lockfileVersion": 3,
  "requires": true,
  "packages": {
    "": {
      "name": "twzrd-preflight",
      "version": "0.1.6",
      "license": "MIT",
      "bin": {
        "twzrd-preflight": "cli.js"
      },
      "engines": {
        "node": ">=18"
      }
    }
  }
}
